// !$*UTF8*$!
{
	archiveVersion = 1;
	classes = {
	};
	objectVersion = 77;
	objects = {

/* Begin PBXBuildFile section */
		CC1331102F76514A00E83C08 /* Lottie in Frameworks */ = {isa = PBXBuildFile; productRef = CC13310F2F76514A00E83C08 /* Lottie */; };
		CC1331122F76515D00E83C08 /* Lottie in Frameworks */ = {isa = PBXBuildFile; productRef = CC1331112F76515D00E83C08 /* Lottie */; };
		CC4C03CC2F69B0000034CA8E /* F1WidgetExtension.appex in Embed Foundation Extensions */ = {isa = PBXBuildFile; fileRef = CC4C03C02F69B0000034CA8E /* F1WidgetExtension.appex */; settings = {ATTRIBUTES = (RemoveHeadersOnCopy, ); }; };
/* End PBXBuildFile section */

/* Begin PBXContainerItemProxy section */
		CC4C03992F69A65F0034CA8E /* PBXContainerItemProxy */ = {
			isa = PBXContainerItemProxy;
			containerPortal = CC4C03832F69A65E0034CA8E /* Project object */;
			proxyType = 1;
			remoteGlobalIDString = CC4C038A2F69A65E0034CA8E;
			remoteInfo = F1CalendarWidget;
		};
		CC4C03A32F69A65F0034CA8E /* PBXContainerItemProxy */ = {
			isa = PBXContainerItemProxy;
			containerPortal = CC4C03832F69A65E0034CA8E /* Project object */;
			proxyType = 1;
			remoteGlobalIDString = CC4C038A2F69A65E0034CA8E;
			remoteInfo = F1CalendarWidget;
		};
		CC4C03C92F69B0000034CA8E /* PBXContainerItemProxy */ = {
			isa = PBXContainerItemProxy;
			containerPortal = CC4C03832F69A65E0034CA8E /* Project object */;
			proxyType = 1;
			remoteGlobalIDString = CC4C03C52F69B0000034CA8E;
			remoteInfo = F1WidgetExtension;
		};
/* End PBXContainerItemProxy section */

/* Begin PBXCopyFilesBuildPhase section */
		CC13310C2F76512C00E83C08 /* Embed Frameworks */ = {
			isa = PBXCopyFilesBuildPhase;
			buildActionMask = 2147483647;
			dstPath = "";
			dstSubfolderSpec = 10;
			files = (
			);
			name = "Embed Frameworks";
			runOnlyForDeploymentPostprocessing = 0;
		};
		CC1331162F76515F00E83C08 /* Embed Frameworks */ = {
			isa = PBXCopyFilesBuildPhase;
			buildActionMask = 2147483647;
			dstPath = "";
			dstSubfolderSpec = 10;
			files = (
			);
			name = "Embed Frameworks";
			runOnlyForDeploymentPostprocessing = 0;
		};
		CC4C03CB2F69B0000034CA8E /* Embed Foundation Extensions */ = {
			isa = PBXCopyFilesBuildPhase;
			buildActionMask = 2147483647;
			dstPath = "";
			dstSubfolderSpec = 13;
			files = (
				CC4C03CC2F69B0000034CA8E /* F1WidgetExtension.appex in Embed Foundation Extensions */,
			);
			name = "Embed Foundation Extensions";
			runOnlyForDeploymentPostprocessing = 0;
		};
/* End PBXCopyFilesBuildPhase section */

/* Begin PBXFileReference section */
		CC0C2DB32F9F5A5F002E58C8 /* Secrets.xcconfig */ = {isa = PBXFileReference; lastKnownFileType = text.xcconfig; path = Secrets.xcconfig; sourceTree = "<group>"; };
		CC4C038B2F69A65E0034CA8E /* LightsOutCalendar.app */ = {isa = PBXFileReference; explicitFileType = wrapper.application; includeInIndex = 0; path = LightsOutCalendar.app; sourceTree = BUILT_PRODUCTS_DIR; };
		CC4C03982F69A65F0034CA8E /* LightsOutCalendarTests.xctest */ = {isa = PBXFileReference; explicitFileType = wrapper.cfbundle; includeInIndex = 0; path = LightsOutCalendarTests.xctest; sourceTree = BUILT_PRODUCTS_DIR; };
		CC4C03A22F69A65F0034CA8E /* LightsOutCalendarUITests.xctest */ = {isa = PBXFileReference; explicitFileType = wrapper.cfbundle; includeInIndex = 0; path = LightsOutCalendarUITests.xctest; sourceTree = BUILT_PRODUCTS_DIR; };
		CC4C03C02F69B0000034CA8E /* F1WidgetExtension.appex */ = {isa = PBXFileReference; explicitFileType = "wrapper.app-extension"; includeInIndex = 0; path = F1WidgetExtension.appex; sourceTree = BUILT_PRODUCTS_DIR; };
		CCDD33ED2F753D4D0035D47E /* UserNotifications.framework */ = {isa = PBXFileReference; lastKnownFileType = wrapper.framework; name = UserNotifications.framework; path = System/Library/Frameworks/UserNotifications.framework; sourceTree = SDKROOT; };
		CCDD33EF2F753D4D0035D47E /* UserNotificationsUI.framework */ = {isa = PBXFileReference; lastKnownFileType = wrapper.framework; name = UserNotificationsUI.framework; path = System/Library/Frameworks/UserNotificationsUI.framework; sourceTree = SDKROOT; };
/* End PBXFileReference section */

/* Begin PBXFileSystemSynchronizedBuildFileExceptionSet section */
		CC4C03CD2F69B0000034CA8E /* Exceptions for "LightsOutWidget" folder in "F1WidgetExtension" target */ = {
			isa = PBXFileSystemSynchronizedBuildFileExceptionSet;
			membershipExceptions = (
				Info.plist,
				LightsOutApp/ContentView.swift,
				LightsOutApp/LightsOutApp.swift,
				LightsOutApp/Lottie/weather_clear.json,
				LightsOutApp/Lottie/weather_cloudy.json,
				LightsOutApp/Lottie/weather_drizzle.json,
				LightsOutApp/Lottie/weather_fog.json,
				LightsOutApp/Lottie/weather_rain.json,
				LightsOutApp/Lottie/weather_snow.json,
				LightsOutApp/Lottie/weather_thunderstorm.json,
				LightsOutApp/Views/AppSessionRowView.swift,
				LightsOutApp/Views/CalendarRowView.swift,
				LightsOutApp/Views/CalendarView.swift,
				LightsOutApp/Views/CircuitInfoView.swift,
				LightsOutApp/Views/RaceDetailView.swift,
				LightsOutApp/Views/RaceHeaderView.swift,
				LightsOutApp/Views/RaceResultsView.swift,
				LightsOutApp/Views/SessionResultsView.swift,
				LightsOutApp/Views/SettingsView.swift,
				LightsOutApp/Views/WeatherSectionView.swift,
			);
			target = CC4C03C52F69B0000034CA8E /* F1WidgetExtension */;
		};
		CC4C03CE2F69B0000034CA8E /* Exceptions for "LightsOutWidget" folder in "LightsOutCalendar" target */ = {
			isa = PBXFileSystemSynchronizedBuildFileExceptionSet;
			membershipExceptions = (
				AppColors.swift,
				CircuitDatabase.swift,
				CircuitInfo.swift,
				DriverResult.swift,
				LightsOutApp/Assets.xcassets,
				LightsOutApp/ContentView.swift,
				LightsOutApp/LightsOutApp.swift,
				LightsOutApp/Lottie/weather_clear.json,
				LightsOutApp/Lottie/weather_cloudy.json,
				LightsOutApp/Lottie/weather_drizzle.json,
				LightsOutApp/Lottie/weather_fog.json,
				LightsOutApp/Lottie/weather_rain.json,
				LightsOutApp/Lottie/weather_snow.json,
				LightsOutApp/Lottie/weather_thunderstorm.json,
				LightsOutApp/Views/AppSessionRowView.swift,
				LightsOutApp/Views/CalendarRowView.swift,
				LightsOutApp/Views/CalendarView.swift,
				LightsOutApp/Views/CircuitInfoView.swift,
				LightsOutApp/Views/LottieView.swift,
				LightsOutApp/Views/RaceDetailView.swift,
				LightsOutApp/Views/RaceHeaderView.swift,
				LightsOutApp/Views/RaceResultsView.swift,
				LightsOutApp/Views/SessionResultsView.swift,
				LightsOutApp/Views/SettingsView.swift,
				LightsOutApp/Views/StandingsView.swift,
				LightsOutApp/Views/TrackShapes/TrackPlaceholder.swift,
				LightsOutApp/Views/WeatherSectionView.swift,
				NotificationManager.swift,
				PrivacyInfo.xcprivacy,
				Race.swift,
				RaceCalendar.swift,
				RacingAPIService.swift,
				SettingsManager.swift,
				WeatherModels.swift,
				WeatherService.swift,
			);
			target = CC4C038A2F69A65E0034CA8E /* LightsOutCalendar */;
		};
/* End PBXFileSystemSynchronizedBuildFileExceptionSet section */

/* Begin PBXFileSystemSynchronizedRootGroup section */
		CC4C039B2F69A65F0034CA8E /* LightsOutCalendarTests */ = {
			isa = PBXFileSystemSynchronizedRootGroup;
			path = LightsOutCalendarTests;
			sourceTree = "<group>";
		};
		CC4C03A52F69A65F0034CA8E /* LightsOutCalendarUITests */ = {
			isa = PBXFileSystemSynchronizedRootGroup;
			path = LightsOutCalendarUITests;
			sourceTree = "<group>";
		};
		CC4C03C12F69B0000034CA8E /* LightsOutWidget */ = {
			isa = PBXFileSystemSynchronizedRootGroup;
			exceptions = (
				CC4C03CE2F69B0000034CA8E /* Exceptions for "LightsOutWidget" folder in "LightsOutCalendar" target */,
				CC4C03CD2F69B0000034CA8E /* Exceptions for "LightsOutWidget" folder in "F1WidgetExtension" target */,
			);
			path = LightsOutWidget;
			sourceTree = "<group>";
		};
/* End PBXFileSystemSynchronizedRootGroup section */

/* Begin PBXFrameworksBuildPhase section */
		CC4C03882F69A65E0034CA8E /* Frameworks */ = {
			isa = PBXFrameworksBuildPhase;
			buildActionMask = 2147483647;
			files = (
				CC1331102F76514A00E83C08 /* Lottie in Frameworks */,
			);
			runOnlyForDeploymentPostprocessing = 0;
		};
		CC4C03952F69A65F0034CA8E /* Frameworks */ = {
			isa = PBXFrameworksBuildPhase;
			buildActionMask = 2147483647;
			files = (
			);
			runOnlyForDeploymentPostprocessing = 0;
		};
		CC4C039F2F69A65F0034CA8E /* Frameworks */ = {
			isa = PBXFrameworksBuildPhase;
			buildActionMask = 2147483647;
			files = (
			);
			runOnlyForDeploymentPostprocessing = 0;
		};
		CC4C03C32F69B0000034CA8E /* Frameworks */ = {
			isa = PBXFrameworksBuildPhase;
			buildActionMask = 2147483647;
			files = (
				CC1331122F76515D00E83C08 /* Lottie in Frameworks */,
			);
			runOnlyForDeploymentPostprocessing = 0;
		};
/* End PBXFrameworksBuildPhase section */

/* Begin PBXGroup section */
		CC4C03822F69A65E0034CA8E = {
			isa = PBXGroup;
			children = (
				CC0C2DB32F9F5A5F002E58C8 /* Secrets.xcconfig */,
				CC4C03C12F69B0000034CA8E /* LightsOutWidget */,
				CC4C039B2F69A65F0034CA8E /* LightsOutCalendarTests */,
				CC4C03A52F69A65F0034CA8E /* LightsOutCalendarUITests */,
				CCDD33EC2F753D4D0035D47E /* Frameworks */,
				CC4C038C2F69A65E0034CA8E /* Products */,
			);
			sourceTree = "<group>";
		};
		CC4C038C2F69A65E0034CA8E /* Products */ = {
			isa = PBXGroup;
			children = (
				CC4C038B2F69A65E0034CA8E /* LightsOutCalendar.app */,
				CC4C03982F69A65F0034CA8E /* LightsOutCalendarTests.xctest */,
				CC4C03A22F69A65F0034CA8E /* LightsOutCalendarUITests.xctest */,
				CC4C03C02F69B0000034CA8E /* F1WidgetExtension.appex */,
			);
			name = Products;
			sourceTree = "<group>";
		};
		CCDD33EC2F753D4D0035D47E /* Frameworks */ = {
			isa = PBXGroup;
			children = (
				CCDD33ED2F753D4D0035D47E /* UserNotifications.framework */,
				CCDD33EF2F753D4D0035D47E /* UserNotificationsUI.framework */,
			);
			name = Frameworks;
			sourceTree = "<group>";
		};
/* End PBXGroup section */

/* Begin PBXNativeTarget section */
		CC4C038A2F69A65E0034CA8E /* LightsOutCalendar */ = {
			isa = PBXNativeTarget;
			buildConfigurationList = CC4C03AC2F69A65F0034CA8E /* Build configuration list for PBXNativeTarget "LightsOutCalendar" */;
			buildPhases = (
				CC4C03872F69A65E0034CA8E /* Sources */,
				CC4C03882F69A65E0034CA8E /* Frameworks */,
				CC4C03892F69A65E0034CA8E /* Resources */,
				CC4C03CB2F69B0000034CA8E /* Embed Foundation Extensions */,
				CC13310C2F76512C00E83C08 /* Embed Frameworks */,
			);
			buildRules = (
			);
			dependencies = (
				CC4C03CA2F69B0000034CA8E /* PBXTargetDependency */,
			);
			name = LightsOutCalendar;
			packageProductDependencies = (
				CC13310F2F76514A00E83C08 /* Lottie */,
			);
			productName = F1CalendarWidget;
			productReference = CC4C038B2F69A65E0034CA8E /* LightsOutCalendar.app */;
			productType = "com.apple.product-type.application";
		};
		CC4C03972F69A65F0034CA8E /* LightsOutCalendarTests */ = {
			isa = PBXNativeTarget;
			buildConfigurationList = CC4C03AF2F69A65F0034CA8E /* Build configuration list for PBXNativeTarget "LightsOutCalendarTests" */;
			buildPhases = (
				CC4C03942F69A65F0034CA8E /* Sources */,
				CC4C03952F69A65F0034CA8E /* Frameworks */,
				CC4C03962F69A65F0034CA8E /* Resources */,
			);
			buildRules = (
			);
			dependencies = (
				CC4C039A2F69A65F0034CA8E /* PBXTargetDependency */,
			);
			fileSystemSynchronizedGroups = (
				CC4C039B2F69A65F0034CA8E /* LightsOutCalendarTests */,
			);
			name = LightsOutCalendarTests;
			packageProductDependencies = (
			);
			productName = F1CalendarWidgetTests;
			productReference = CC4C03982F69A65F0034CA8E /* LightsOutCalendarTests.xctest */;
			productType = "com.apple.product-type.bundle.unit-test";
		};
		CC4C03A12F69A65F0034CA8E /* LightsOutCalendarUITests */ = {
			isa = PBXNativeTarget;
			buildConfigurationList = CC4C03B22F69A65F0034CA8E /* Build configuration list for PBXNativeTarget "LightsOutCalendarUITests" */;
			buildPhases = (
				CC4C039E2F69A65F0034CA8E /* Sources */,
				CC4C039F2F69A65F0034CA8E /* Frameworks */,
				CC4C03A02F69A65F0034CA8E /* Resources */,
			);
			buildRules = (
			);
			dependencies = (
				CC4C03A42F69A65F0034CA8E /* PBXTargetDependency */,
			);
			fileSystemSynchronizedGroups = (
				CC4C03A52F69A65F0034CA8E /* LightsOutCalendarUITests */,
			);
			name = LightsOutCalendarUITests;
			packageProductDependencies = (
			);
			productName = F1CalendarWidgetUITests;
			productReference = CC4C03A22F69A65F0034CA8E /* LightsOutCalendarUITests.xctest */;
			productType = "com.apple.product-type.bundle.ui-testing";
		};
		CC4C03C52F69B0000034CA8E /* F1WidgetExtension */ = {
			isa = PBXNativeTarget;
			buildConfigurationList = CC4C03C82F69B0000034CA8E /* Build configuration list for PBXNativeTarget "F1WidgetExtension" */;
			buildPhases = (
				CC4C03C22F69B0000034CA8E /* Sources */,
				CC4C03C32F69B0000034CA8E /* Frameworks */,
				CC4C03C42F69B0000034CA8E /* Resources */,
				CC1331162F76515F00E83C08 /* Embed Frameworks */,
			);
			buildRules = (
			);
			dependencies = (
			);
			fileSystemSynchronizedGroups = (
				CC4C03C12F69B0000034CA8E /* LightsOutWidget */,
			);
			name = F1WidgetExtension;
			packageProductDependencies = (
				CC1331112F76515D00E83C08 /* Lottie */,
			);
			productName = F1WidgetExtension;
			productReference = CC4C03C02F69B0000034CA8E /* F1WidgetExtension.appex */;
			productType = "com.apple.product-type.app-extension";
		};
/* End PBXNativeTarget section */

/* Begin PBXProject section */
		CC4C03832F69A65E0034CA8E /* Project object */ = {
			isa = PBXProject;
			attributes = {
				BuildIndependentTargetsInParallel = 1;
				LastSwiftUpdateCheck = 2630;
				LastUpgradeCheck = 2640;
				TargetAttributes = {
					CC4C038A2F69A65E0034CA8E = {
						CreatedOnToolsVersion = 26.3;
					};
					CC4C03972F69A65F0034CA8E = {
						CreatedOnToolsVersion = 26.3;
						TestTargetID = CC4C038A2F69A65E0034CA8E;
					};
					CC4C03A12F69A65F0034CA8E = {
						CreatedOnToolsVersion = 26.3;
						TestTargetID = CC4C038A2F69A65E0034CA8E;
					};
					CC4C03C52F69B0000034CA8E = {
						CreatedOnToolsVersion = 26.3;
					};
				};
			};
			buildConfigurationList = CC4C03862F69A65E0034CA8E /* Build configuration list for PBXProject "LightsOutCalendar" */;
			developmentRegion = en;
			hasScannedForEncodings = 0;
			knownRegions = (
				en,
				Base,
			);
			mainGroup = CC4C03822F69A65E0034CA8E;
			minimizedProjectReferenceProxies = 1;
			packageReferences = (
				CC13305B2F76490400E83C08 /* XCRemoteSwiftPackageReference "lottie-ios" */,
			);
			preferredProjectObjectVersion = 77;
			productRefGroup = CC4C038C2F69A65E0034CA8E /* Products */;
			projectDirPath = "";
			projectRoot = "";
			targets = (
				CC4C038A2F69A65E0034CA8E /* LightsOutCalendar */,
				CC4C03C52F69B0000034CA8E /* F1WidgetExtension */,
				CC4C03972F69A65F0034CA8E /* LightsOutCalendarTests */,
				CC4C03A12F69A65F0034CA8E /* LightsOutCalendarUITests */,
			);
		};
/* End PBXProject section */

/* Begin PBXResourcesBuildPhase section */
		CC4C03892F69A65E0034CA8E /* Resources */ = {
			isa = PBXResourcesBuildPhase;
			buildActionMask = 2147483647;
			files = (
			);
			runOnlyForDeploymentPostprocessing = 0;
		};
		CC4C03962F69A65F0034CA8E /* Resources */ = {
			isa = PBXResourcesBuildPhase;
			buildActionMask = 2147483647;
			files = (
			);
			runOnlyForDeploymentPostprocessing = 0;
		};
		CC4C03A02F69A65F0034CA8E /* Resources */ = {
			isa = PBXResourcesBuildPhase;
			buildActionMask = 2147483647;
			files = (
			);
			runOnlyForDeploymentPostprocessing = 0;
		};
		CC4C03C42F69B0000034CA8E /* Resources */ = {
			isa = PBXResourcesBuildPhase;
			buildActionMask = 2147483647;
			files = (
			);
			runOnlyForDeploymentPostprocessing = 0;
		};
/* End PBXResourcesBuildPhase section */

/* Begin PBXSourcesBuildPhase section */
		CC4C03872F69A65E0034CA8E /* Sources */ = {
			isa = PBXSourcesBuildPhase;
			buildActionMask = 2147483647;
			files = (
			);
			runOnlyForDeploymentPostprocessing = 0;
		};
		CC4C03942F69A65F0034CA8E /* Sources */ = {
			isa = PBXSourcesBuildPhase;
			buildActionMask = 2147483647;
			files = (
			);
			runOnlyForDeploymentPostprocessing = 0;
		};
		CC4C039E2F69A65F0034CA8E /* Sources */ = {
			isa = PBXSourcesBuildPhase;
			buildActionMask = 2147483647;
			files = (
			);
			runOnlyForDeploymentPostprocessing = 0;
		};
		CC4C03C22F69B0000034CA8E /* Sources */ = {
			isa = PBXSourcesBuildPhase;
			buildActionMask = 2147483647;
			files = (
			);
			runOnlyForDeploymentPostprocessing = 0;
		};
/* End PBXSourcesBuildPhase section */

/* Begin PBXTargetDependency section */
		CC4C039A2F69A65F0034CA8E /* PBXTargetDependency */ = {
			isa = PBXTargetDependency;
			target = CC4C038A2F69A65E0034CA8E /* LightsOutCalendar */;
			targetProxy = CC4C03992F69A65F0034CA8E /* PBXContainerItemProxy */;
		};
		CC4C03A42F69A65F0034CA8E /* PBXTargetDependency */ = {
			isa = PBXTargetDependency;
			target = CC4C038A2F69A65E0034CA8E /* LightsOutCalendar */;
			targetProxy = CC4C03A32F69A65F0034CA8E /* PBXContainerItemProxy */;
		};
		CC4C03CA2F69B0000034CA8E /* PBXTargetDependency */ = {
			isa = PBXTargetDependency;
			target = CC4C03C52F69B0000034CA8E /* F1WidgetExtension */;
			targetProxy = CC4C03C92F69B0000034CA8E /* PBXContainerItemProxy */;
		};
/* End PBXTargetDependency section */

/* Begin XCBuildConfiguration section */
		CC4C03AA2F69A65F0034CA8E /* Debug */ = {
			isa = XCBuildConfiguration;
			buildSettings = {
				ALWAYS_SEARCH_USER_PATHS = NO;
				ASSETCATALOG_COMPILER_GENERATE_SWIFT_ASSET_SYMBOL_EXTENSIONS = YES;
				CLANG_ANALYZER_NONNULL = YES;
				CLANG_ANALYZER_NUMBER_OBJECT_CONVERSION = YES_AGGRESSIVE;
				CLANG_CXX_LANGUAGE_STANDARD = "gnu++20";
				CLANG_ENABLE_MODULES = YES;
				CLANG_ENABLE_OBJC_ARC = YES;
				CLANG_ENABLE_OBJC_WEAK = YES;
				CLANG_WARN_BLOCK_CAPTURE_AUTORELEASING = YES;
				CLANG_WARN_BOOL_CONVERSION = YES;
				CLANG_WARN_COMMA = YES;
				CLANG_WARN_CONSTANT_CONVERSION = YES;
				CLANG_WARN_DEPRECATED_OBJC_IMPLEMENTATIONS = YES;
				CLANG_WARN_DIRECT_OBJC_ISA_USAGE = YES_ERROR;
				CLANG_WARN_DOCUMENTATION_COMMENTS = YES;
				CLANG_WARN_EMPTY_BODY = YES;
				CLANG_WARN_ENUM_CONVERSION = YES;
				CLANG_WARN_INFINITE_RECURSION = YES;
				CLANG_WARN_INT_CONVERSION = YES;
				CLANG_WARN_NON_LITERAL_NULL_CONVERSION = YES;
				CLANG_WARN_OBJC_IMPLICIT_RETAIN_SELF = YES;
				CLANG_WARN_OBJC_LITERAL_CONVERSION = YES;
				CLANG_WARN_OBJC_ROOT_CLASS = YES_ERROR;
				CLANG_WARN_QUOTED_INCLUDE_IN_FRAMEWORK_HEADER = YES;
				CLANG_WARN_RANGE_LOOP_ANALYSIS = YES;
				CLANG_WARN_STRICT_PROTOTYPES = YES;
				CLANG_WARN_SUSPICIOUS_MOVE = YES;
				CLANG_WARN_UNGUARDED_AVAILABILITY = YES_AGGRESSIVE;
				CLANG_WARN_UNREACHABLE_CODE = YES;
				CLANG_WARN__DUPLICATE_METHOD_MATCH = YES;
				COPY_PHASE_STRIP = NO;
				DEAD_CODE_STRIPPING = YES;
				DEBUG_INFORMATION_FORMAT = dwarf;
				DEVELOPMENT_TEAM = 59T7JDA3W7;
				ENABLE_STRICT_OBJC_MSGSEND = YES;
				ENABLE_TESTABILITY = YES;
				ENABLE_USER_SCRIPT_SANDBOXING = YES;
				GCC_C_LANGUAGE_STANDARD = gnu17;
				GCC_DYNAMIC_NO_PIC = NO;
				GCC_NO_COMMON_BLOCKS = YES;
				GCC_OPTIMIZATION_LEVEL = 0;
				GCC_PREPROCESSOR_DEFINITIONS = (
					"DEBUG=1",
					"$(inherited)",
				);
				GCC_WARN_64_TO_32_BIT_CONVERSION = YES;
				GCC_WARN_ABOUT_RETURN_TYPE = YES_ERROR;
				GCC_WARN_UNDECLARED_SELECTOR = YES;
				GCC_WARN_UNINITIALIZED_AUTOS = YES_AGGRESSIVE;
				GCC_WARN_UNUSED_FUNCTION = YES;
				GCC_WARN_UNUSED_VARIABLE = YES;
				LOCALIZATION_PREFERS_STRING_CATALOGS = YES;
				MTL_ENABLE_DEBUG_INFO = INCLUDE_SOURCE;
				MTL_FAST_MATH = YES;
				ONLY_ACTIVE_ARCH = YES;
				STRING_CATALOG_GENERATE_SYMBOLS = YES;
				SWIFT_ACTIVE_COMPILATION_CONDITIONS = "DEBUG $(inherited)";
				SWIFT_OPTIMIZATION_LEVEL = "-Onone";
			};
			name = Debug;
		};
		CC4C03AB2F69A65F0034CA8E /* Release */ = {
			isa = XCBuildConfiguration;
			buildSettings = {
				ALWAYS_SEARCH_USER_PATHS = NO;
				ASSETCATALOG_COMPILER_GENERATE_SWIFT_ASSET_SYMBOL_EXTENSIONS = YES;
				CLANG_ANALYZER_NONNULL = YES;
				CLANG_ANALYZER_NUMBER_OBJECT_CONVERSION = YES_AGGRESSIVE;
				CLANG_CXX_LANGUAGE_STANDARD = "gnu++20";
				CLANG_ENABLE_MODULES = YES;
				CLANG_ENABLE_OBJC_ARC = YES;
				CLANG_ENABLE_OBJC_WEAK = YES;
				CLANG_WARN_BLOCK_CAPTURE_AUTORELEASING = YES;
				CLANG_WARN_BOOL_CONVERSION = YES;
				CLANG_WARN_COMMA = YES;
				CLANG_WARN_CONSTANT_CONVERSION = YES;
				CLANG_WARN_DEPRECATED_OBJC_IMPLEMENTATIONS = YES;
				CLANG_WARN_DIRECT_OBJC_ISA_USAGE = YES_ERROR;
				CLANG_WARN_DOCUMENTATION_COMMENTS = YES;
				CLANG_WARN_EMPTY_BODY = YES;
				CLANG_WARN_ENUM_CONVERSION = YES;
				CLANG_WARN_INFINITE_RECURSION = YES;
				CLANG_WARN_INT_CONVERSION = YES;
				CLANG_WARN_NON_LITERAL_NULL_CONVERSION = YES;
				CLANG_WARN_OBJC_IMPLICIT_RETAIN_SELF = YES;
				CLANG_WARN_OBJC_LITERAL_CONVERSION = YES;
				CLANG_WARN_OBJC_ROOT_CLASS = YES_ERROR;
				CLANG_WARN_QUOTED_INCLUDE_IN_FRAMEWORK_HEADER = YES;
				CLANG_WARN_RANGE_LOOP_ANALYSIS = YES;
				CLANG_WARN_STRICT_PROTOTYPES = YES;
				CLANG_WARN_SUSPICIOUS_MOVE = YES;
				CLANG_WARN_UNGUARDED_AVAILABILITY = YES_AGGRESSIVE;
				CLANG_WARN_UNREACHABLE_CODE = YES;
				CLANG_WARN__DUPLICATE_METHOD_MATCH = YES;
				COPY_PHASE_STRIP = NO;
				DEAD_CODE_STRIPPING = YES;
				DEBUG_INFORMATION_FORMAT = "dwarf-with-dsym";
				DEVELOPMENT_TEAM = 59T7JDA3W7;
				ENABLE_NS_ASSERTIONS = NO;
				ENABLE_STRICT_OBJC_MSGSEND = YES;
				ENABLE_USER_SCRIPT_SANDBOXING = YES;
				GCC_C_LANGUAGE_STANDARD = gnu17;
				GCC_NO_COMMON_BLOCKS = YES;
				GCC_WARN_64_TO_32_BIT_CONVERSION = YES;
				GCC_WARN_ABOUT_RETURN_TYPE = YES_ERROR;
				GCC_WARN_UNDECLARED_SELECTOR = YES;
				GCC_WARN_UNINITIALIZED_AUTOS = YES_AGGRESSIVE;
				GCC_WARN_UNUSED_FUNCTION = YES;
				GCC_WARN_UNUSED_VARIABLE = YES;
				LOCALIZATION_PREFERS_STRING_CATALOGS = YES;
				MTL_ENABLE_DEBUG_INFO = NO;
				MTL_FAST_MATH = YES;
				STRING_CATALOG_GENERATE_SYMBOLS = YES;
				SWIFT_COMPILATION_MODE = wholemodule;
			};
			name = Release;
		};
		CC4C03AD2F69A65F0034CA8E /* Debug */ = {
			isa = XCBuildConfiguration;
			baseConfigurationReference = CC0C2DB32F9F5A5F002E58C8 /* Secrets.xcconfig */;
			buildSettings = {
				ASSETCATALOG_COMPILER_APPICON_NAME = AppIcon;
				ASSETCATALOG_COMPILER_GLOBAL_ACCENT_COLOR_NAME = AccentColor;
				CODE_SIGN_ENTITLEMENTS = LightsOutWidget/LightsOutApp/LightsOutCalendar.entitlements;
				CODE_SIGN_STYLE = Automatic;
				CURRENT_PROJECT_VERSION = 1;
				DEAD_CODE_STRIPPING = YES;
				ENABLE_APP_SANDBOX = YES;
				ENABLE_PREVIEWS = YES;
				ENABLE_USER_SELECTED_FILES = readonly;
				GENERATE_INFOPLIST_FILE = YES;
				INFOPLIST_FILE = Info.plist;
				"INFOPLIST_KEY_UIApplicationSceneManifest_Generation[sdk=iphoneos*]" = YES;
				"INFOPLIST_KEY_UIApplicationSceneManifest_Generation[sdk=iphonesimulator*]" = YES;
				"INFOPLIST_KEY_UIApplicationSupportsIndirectInputEvents[sdk=iphoneos*]" = YES;
				"INFOPLIST_KEY_UIApplicationSupportsIndirectInputEvents[sdk=iphonesimulator*]" = YES;
				"INFOPLIST_KEY_UILaunchScreen_Generation[sdk=iphoneos*]" = YES;
				"INFOPLIST_KEY_UILaunchScreen_Generation[sdk=iphonesimulator*]" = YES;
				"INFOPLIST_KEY_UIStatusBarStyle[sdk=iphoneos*]" = UIStatusBarStyleDefault;
				"INFOPLIST_KEY_UIStatusBarStyle[sdk=iphonesimulator*]" = UIStatusBarStyleDefault;
				INFOPLIST_KEY_UISupportedInterfaceOrientations_iPad = "UIInterfaceOrientationPortrait UIInterfaceOrientationPortraitUpsideDown UIInterfaceOrientationLandscapeLeft UIInterfaceOrientationLandscapeRight";
				INFOPLIST_KEY_UISupportedInterfaceOrientations_iPhone = "UIInterfaceOrientationPortrait UIInterfaceOrientationLandscapeLeft UIInterfaceOrientationLandscapeRight";
				IPHONEOS_DEPLOYMENT_TARGET = 26.2;
				LD_RUNPATH_SEARCH_PATHS = "@executable_path/Frameworks";
				"LD_RUNPATH_SEARCH_PATHS[sdk=macosx*]" = "@executable_path/../Frameworks";
				MACOSX_DEPLOYMENT_TARGET = 26.2;
				MARKETING_VERSION = 1.0;
				PRODUCT_BUNDLE_IDENTIFIER = a.F1CalendarWidget;
				PRODUCT_NAME = "$(TARGET_NAME)";
				REGISTER_APP_GROUPS = YES;
				SDKROOT = auto;
				STRING_CATALOG_GENERATE_SYMBOLS = YES;
				SUPPORTED_PLATFORMS = "iphoneos iphonesimulator macosx";
				SUPPORTS_MACCATALYST = YES;
				SUPPORTS_MAC_DESIGNED_FOR_IPHONE_IPAD = NO;
				SWIFT_APPROACHABLE_CONCURRENCY = YES;
				SWIFT_DEFAULT_ACTOR_ISOLATION = MainActor;
				SWIFT_EMIT_LOC_STRINGS = YES;
				SWIFT_UPCOMING_FEATURE_MEMBER_IMPORT_VISIBILITY = YES;
				SWIFT_VERSION = 5.0;
				TARGETED_DEVICE_FAMILY = 1;
				XROS_DEPLOYMENT_TARGET = 26.2;
			};
			name = Debug;
		};
		CC4C03AE2F69A65F0034CA8E /* Release */ = {
			isa = XCBuildConfiguration;
			baseConfigurationReference = CC0C2DB32F9F5A5F002E58C8 /* Secrets.xcconfig */;
			buildSettings = {
				ASSETCATALOG_COMPILER_APPICON_NAME = AppIcon;
				ASSETCATALOG_COMPILER_GLOBAL_ACCENT_COLOR_NAME = AccentColor;
				CODE_SIGN_ENTITLEMENTS = LightsOutWidget/LightsOutApp/LightsOutCalendar.entitlements;
				CODE_SIGN_STYLE = Automatic;
				CURRENT_PROJECT_VERSION = 1;
				DEAD_CODE_STRIPPING = YES;
				ENABLE_APP_SANDBOX = YES;
				ENABLE_PREVIEWS = YES;
				ENABLE_USER_SELECTED_FILES = readonly;
				GENERATE_INFOPLIST_FILE = YES;
				INFOPLIST_FILE = Info.plist;
				"INFOPLIST_KEY_UIApplicationSceneManifest_Generation[sdk=iphoneos*]" = YES;
				"INFOPLIST_KEY_UIApplicationSceneManifest_Generation[sdk=iphonesimulator*]" = YES;
				"INFOPLIST_KEY_UIApplicationSupportsIndirectInputEvents[sdk=iphoneos*]" = YES;
				"INFOPLIST_KEY_UIApplicationSupportsIndirectInputEvents[sdk=iphonesimulator*]" = YES;
				"INFOPLIST_KEY_UILaunchScreen_Generation[sdk=iphoneos*]" = YES;
				"INFOPLIST_KEY_UILaunchScreen_Generation[sdk=iphonesimulator*]" = YES;
				"INFOPLIST_KEY_UIStatusBarStyle[sdk=iphoneos*]" = UIStatusBarStyleDefault;
				"INFOPLIST_KEY_UIStatusBarStyle[sdk=iphonesimulator*]" = UIStatusBarStyleDefault;
				INFOPLIST_KEY_UISupportedInterfaceOrientations_iPad = "UIInterfaceOrientationPortrait UIInterfaceOrientationPortraitUpsideDown UIInterfaceOrientationLandscapeLeft UIInterfaceOrientationLandscapeRight";
				INFOPLIST_KEY_UISupportedInterfaceOrientations_iPhone = "UIInterfaceOrientationPortrait UIInterfaceOrientationLandscapeLeft UIInterfaceOrientationLandscapeRight";
				IPHONEOS_DEPLOYMENT_TARGET = 26.2;
				LD_RUNPATH_SEARCH_PATHS = "@executable_path/Frameworks";
				"LD_RUNPATH_SEARCH_PATHS[sdk=macosx*]" = "@executable_path/../Frameworks";
				MACOSX_DEPLOYMENT_TARGET = 26.2;
				MARKETING_VERSION = 1.0;
				PRODUCT_BUNDLE_IDENTIFIER = a.F1CalendarWidget;
				PRODUCT_NAME = "$(TARGET_NAME)";
				REGISTER_APP_GROUPS = YES;
				SDKROOT = auto;
				STRING_CATALOG_GENERATE_SYMBOLS = YES;
				SUPPORTED_PLATFORMS = "iphoneos iphonesimulator macosx";
				SUPPORTS_MACCATALYST = YES;
				SUPPORTS_MAC_DESIGNED_FOR_IPHONE_IPAD = NO;
				SWIFT_APPROACHABLE_CONCURRENCY = YES;
				SWIFT_DEFAULT_ACTOR_ISOLATION = MainActor;
				SWIFT_EMIT_LOC_STRINGS = YES;
				SWIFT_UPCOMING_FEATURE_MEMBER_IMPORT_VISIBILITY = YES;
				SWIFT_VERSION = 5.0;
				TARGETED_DEVICE_FAMILY = 1;
				XROS_DEPLOYMENT_TARGET = 26.2;
			};
			name = Release;
		};
		CC4C03B02F69A65F0034CA8E /* Debug */ = {
			isa = XCBuildConfiguration;
			buildSettings = {
				BUNDLE_LOADER = "$(TEST_HOST)";
				CODE_SIGN_STYLE = Automatic;
				CURRENT_PROJECT_VERSION = 1;
				DEAD_CODE_STRIPPING = YES;
				GENERATE_INFOPLIST_FILE = YES;
				IPHONEOS_DEPLOYMENT_TARGET = 26.2;
				MACOSX_DEPLOYMENT_TARGET = 26.2;
				MARKETING_VERSION = 1.0;
				PRODUCT_BUNDLE_IDENTIFIER = a.F1CalendarWidgetTests;
				PRODUCT_NAME = "$(TARGET_NAME)";
				SDKROOT = auto;
				STRING_CATALOG_GENERATE_SYMBOLS = NO;
				SUPPORTED_PLATFORMS = "iphoneos iphonesimulator macosx";
				SUPPORTS_MACCATALYST = NO;
				SWIFT_APPROACHABLE_CONCURRENCY = YES;
				SWIFT_EMIT_LOC_STRINGS = NO;
				SWIFT_UPCOMING_FEATURE_MEMBER_IMPORT_VISIBILITY = YES;
				SWIFT_VERSION = 5.0;
				TARGETED_DEVICE_FAMILY = 1;
				TEST_HOST = "$(BUILT_PRODUCTS_DIR)/LightsOutCalendar.app/$(BUNDLE_EXECUTABLE_FOLDER_PATH)/LightsOutCalendar";
				XROS_DEPLOYMENT_TARGET = 26.2;
			};
			name = Debug;
		};
		CC4C03B12F69A65F0034CA8E /* Release */ = {
			isa = XCBuildConfiguration;
			buildSettings = {
				BUNDLE_LOADER = "$(TEST_HOST)";
				CODE_SIGN_STYLE = Automatic;
				CURRENT_PROJECT_VERSION = 1;
				DEAD_CODE_STRIPPING = YES;
				GENERATE_INFOPLIST_FILE = YES;
				IPHONEOS_DEPLOYMENT_TARGET = 26.2;
				MACOSX_DEPLOYMENT_TARGET = 26.2;
				MARKETING_VERSION = 1.0;
				PRODUCT_BUNDLE_IDENTIFIER = a.F1CalendarWidgetTests;
				PRODUCT_NAME = "$(TARGET_NAME)";
				SDKROOT = auto;
				STRING_CATALOG_GENERATE_SYMBOLS = NO;
				SUPPORTED_PLATFORMS = "iphoneos iphonesimulator macosx";
				SUPPORTS_MACCATALYST = NO;
				SWIFT_APPROACHABLE_CONCURRENCY = YES;
				SWIFT_EMIT_LOC_STRINGS = NO;
				SWIFT_UPCOMING_FEATURE_MEMBER_IMPORT_VISIBILITY = YES;
				SWIFT_VERSION = 5.0;
				TARGETED_DEVICE_FAMILY = 1;
				TEST_HOST = "$(BUILT_PRODUCTS_DIR)/LightsOutCalendar.app/$(BUNDLE_EXECUTABLE_FOLDER_PATH)/LightsOutCalendar";
				XROS_DEPLOYMENT_TARGET = 26.2;
			};
			name = Release;
		};
		CC4C03B32F69A65F0034CA8E /* Debug */ = {
			isa = XCBuildConfiguration;
			buildSettings = {
				CODE_SIGN_STYLE = Automatic;
				CURRENT_PROJECT_VERSION = 1;
				DEAD_CODE_STRIPPING = YES;
				GENERATE_INFOPLIST_FILE = YES;
				IPHONEOS_DEPLOYMENT_TARGET = 26.2;
				MACOSX_DEPLOYMENT_TARGET = 26.2;
				MARKETING_VERSION = 1.0;
				PRODUCT_BUNDLE_IDENTIFIER = a.F1CalendarWidgetUITests;
				PRODUCT_NAME = "$(TARGET_NAME)";
				SDKROOT = auto;
				STRING_CATALOG_GENERATE_SYMBOLS = NO;
				SUPPORTED_PLATFORMS = "iphoneos iphonesimulator macosx";
				SUPPORTS_MACCATALYST = NO;
				SWIFT_APPROACHABLE_CONCURRENCY = YES;
				SWIFT_EMIT_LOC_STRINGS = NO;
				SWIFT_UPCOMING_FEATURE_MEMBER_IMPORT_VISIBILITY = YES;
				SWIFT_VERSION = 5.0;
				TARGETED_DEVICE_FAMILY = 1;
				TEST_TARGET_NAME = F1CalendarWidget;
				XROS_DEPLOYMENT_TARGET = 26.2;
			};
			name = Debug;
		};
		CC4C03B42F69A65F0034CA8E /* Release */ = {
			isa = XCBuildConfiguration;
			buildSettings = {
				CODE_SIGN_STYLE = Automatic;
				CURRENT_PROJECT_VERSION = 1;
				DEAD_CODE_STRIPPING = YES;
				GENERATE_INFOPLIST_FILE = YES;
				IPHONEOS_DEPLOYMENT_TARGET = 26.2;
				MACOSX_DEPLOYMENT_TARGET = 26.2;
				MARKETING_VERSION = 1.0;
				PRODUCT_BUNDLE_IDENTIFIER = a.F1CalendarWidgetUITests;
				PRODUCT_NAME = "$(TARGET_NAME)";
				SDKROOT = auto;
				STRING_CATALOG_GENERATE_SYMBOLS = NO;
				SUPPORTED_PLATFORMS = "iphoneos iphonesimulator macosx";
				SUPPORTS_MACCATALYST = NO;
				SWIFT_APPROACHABLE_CONCURRENCY = YES;
				SWIFT_EMIT_LOC_STRINGS = NO;
				SWIFT_UPCOMING_FEATURE_MEMBER_IMPORT_VISIBILITY = YES;
				SWIFT_VERSION = 5.0;
				TARGETED_DEVICE_FAMILY = 1;
				TEST_TARGET_NAME = F1CalendarWidget;
				XROS_DEPLOYMENT_TARGET = 26.2;
			};
			name = Release;
		};
		CC4C03C62F69B0000034CA8E /* Debug */ = {
			isa = XCBuildConfiguration;
			baseConfigurationReference = CC0C2DB32F9F5A5F002E58C8 /* Secrets.xcconfig */;
			buildSettings = {
				ASSETCATALOG_COMPILER_GLOBAL_ACCENT_COLOR_NAME = AccentColor;
				ASSETCATALOG_COMPILER_WIDGET_BACKGROUND_COLOR_NAME = f1Background;
				CODE_SIGN_ENTITLEMENTS = LightsOutWidget/WidgetExtension.entitlements;
				CODE_SIGN_STYLE = Automatic;
				CURRENT_PROJECT_VERSION = 1;
				DEAD_CODE_STRIPPING = YES;
				GENERATE_INFOPLIST_FILE = NO;
				INFOPLIST_FILE = LightsOutWidget/Info.plist;
				INFOPLIST_KEY_CFBundleDisplayName = "F1 Widget";
				INFOPLIST_KEY_NSHumanReadableCopyright = "";
				IPHONEOS_DEPLOYMENT_TARGET = 26.2;
				LD_RUNPATH_SEARCH_PATHS = (
					"$(inherited)",
					"@executable_path/Frameworks",
					"@executable_path/../../Frameworks",
				);
				"LD_RUNPATH_SEARCH_PATHS[sdk=macosx*]" = (
					"$(inherited)",
					"@executable_path/../Frameworks",
					"@executable_path/../../../../Frameworks",
				);
				MACOSX_DEPLOYMENT_TARGET = 26.2;
				MARKETING_VERSION = 1.0;
				PRODUCT_BUNDLE_IDENTIFIER = a.F1CalendarWidget.F1WidgetExtension;
				PRODUCT_NAME = "$(TARGET_NAME)";
				REGISTER_APP_GROUPS = YES;
				SDKROOT = auto;
				SKIP_INSTALL = YES;
				SUPPORTED_PLATFORMS = "iphoneos iphonesimulator macosx";
				SUPPORTS_MACCATALYST = YES;
				SUPPORTS_MAC_DESIGNED_FOR_IPHONE_IPAD = NO;
				SWIFT_APPROACHABLE_CONCURRENCY = YES;
				SWIFT_DEFAULT_ACTOR_ISOLATION = MainActor;
				SWIFT_EMIT_LOC_STRINGS = YES;
				SWIFT_UPCOMING_FEATURE_MEMBER_IMPORT_VISIBILITY = YES;
				SWIFT_VERSION = 5.0;
				TARGETED_DEVICE_FAMILY = 1;
			};
			name = Debug;
		};
		CC4C03C72F69B0000034CA8E /* Release */ = {
			isa = XCBuildConfiguration;
			baseConfigurationReference = CC0C2DB32F9F5A5F002E58C8 /* Secrets.xcconfig */;
			buildSettings = {
				ASSETCATALOG_COMPILER_GLOBAL_ACCENT_COLOR_NAME = AccentColor;
				ASSETCATALOG_COMPILER_WIDGET_BACKGROUND_COLOR_NAME = f1Background;
				CODE_SIGN_ENTITLEMENTS = LightsOutWidget/WidgetExtension.entitlements;
				CODE_SIGN_STYLE = Automatic;
				CURRENT_PROJECT_VERSION = 1;
				DEAD_CODE_STRIPPING = YES;
				GENERATE_INFOPLIST_FILE = NO;
				INFOPLIST_FILE = LightsOutWidget/Info.plist;
				INFOPLIST_KEY_CFBundleDisplayName = "F1 Widget";
				INFOPLIST_KEY_NSHumanReadableCopyright = "";
				IPHONEOS_DEPLOYMENT_TARGET = 26.2;
				LD_RUNPATH_SEARCH_PATHS = (
					"$(inherited)",
					"@executable_path/Frameworks",
					"@executable_path/../../Frameworks",
				);
				"LD_RUNPATH_SEARCH_PATHS[sdk=macosx*]" = (
					"$(inherited)",
					"@executable_path/../Frameworks",
					"@executable_path/../../../../Frameworks",
				);
				MACOSX_DEPLOYMENT_TARGET = 26.2;
				MARKETING_VERSION = 1.0;
				PRODUCT_BUNDLE_IDENTIFIER = a.F1CalendarWidget.F1WidgetExtension;
				PRODUCT_NAME = "$(TARGET_NAME)";
				REGISTER_APP_GROUPS = YES;
				SDKROOT = auto;
				SKIP_INSTALL = YES;
				SUPPORTED_PLATFORMS = "iphoneos iphonesimulator macosx";
				SUPPORTS_MACCATALYST = YES;
				SUPPORTS_MAC_DESIGNED_FOR_IPHONE_IPAD = NO;
				SWIFT_APPROACHABLE_CONCURRENCY = YES;
				SWIFT_DEFAULT_ACTOR_ISOLATION = MainActor;
				SWIFT_EMIT_LOC_STRINGS = YES;
				SWIFT_UPCOMING_FEATURE_MEMBER_IMPORT_VISIBILITY = YES;
				SWIFT_VERSION = 5.0;
				TARGETED_DEVICE_FAMILY = 1;
			};
			name = Release;
		};
/* End XCBuildConfiguration section */

/* Begin XCConfigurationList section */
		CC4C03862F69A65E0034CA8E /* Build configuration list for PBXProject "LightsOutCalendar" */ = {
			isa = XCConfigurationList;
			buildConfigurations = (
				CC4C03AA2F69A65F0034CA8E /* Debug */,
				CC4C03AB2F69A65F0034CA8E /* Release */,
			);
			defaultConfigurationIsVisible = 0;
			defaultConfigurationName = Release;
		};
		CC4C03AC2F69A65F0034CA8E /* Build configuration list for PBXNativeTarget "LightsOutCalendar" */ = {
			isa = XCConfigurationList;
			buildConfigurations = (
				CC4C03AD2F69A65F0034CA8E /* Debug */,
				CC4C03AE2F69A65F0034CA8E /* Release */,
			);
			defaultConfigurationIsVisible = 0;
			defaultConfigurationName = Release;
		};
		CC4C03AF2F69A65F0034CA8E /* Build configuration list for PBXNativeTarget "LightsOutCalendarTests" */ = {
			isa = XCConfigurationList;
			buildConfigurations = (
				CC4C03B02F69A65F0034CA8E /* Debug */,
				CC4C03B12F69A65F0034CA8E /* Release */,
			);
			defaultConfigurationIsVisible = 0;
			defaultConfigurationName = Release;
		};
		CC4C03B22F69A65F0034CA8E /* Build configuration list for PBXNativeTarget "LightsOutCalendarUITests" */ = {
			isa = XCConfigurationList;
			buildConfigurations = (
				CC4C03B32F69A65F0034CA8E /* Debug */,
				CC4C03B42F69A65F0034CA8E /* Release */,
			);
			defaultConfigurationIsVisible = 0;
			defaultConfigurationName = Release;
		};
		CC4C03C82F69B0000034CA8E /* Build configuration list for PBXNativeTarget "F1WidgetExtension" */ = {
			isa = XCConfigurationList;
			buildConfigurations = (
				CC4C03C62F69B0000034CA8E /* Debug */,
				CC4C03C72F69B0000034CA8E /* Release */,
			);
			defaultConfigurationIsVisible = 0;
			defaultConfigurationName = Release;
		};
/* End XCConfigurationList section */

/* Begin XCRemoteSwiftPackageReference section */
		CC13305B2F76490400E83C08 /* XCRemoteSwiftPackageReference "lottie-ios" */ = {
			isa = XCRemoteSwiftPackageReference;
			repositoryURL = "https://github.com/airbnb/lottie-ios";
			requirement = {
				kind = exactVersion;
				version = 4.6.0;
			};
		};
/* End XCRemoteSwiftPackageReference section */

/* Begin XCSwiftPackageProductDependency section */
		CC13310F2F76514A00E83C08 /* Lottie */ = {
			isa = XCSwiftPackageProductDependency;
			package = CC13305B2F76490400E83C08 /* XCRemoteSwiftPackageReference "lottie-ios" */;
			productName = Lottie;
		};
		CC1331112F76515D00E83C08 /* Lottie */ = {
			isa = XCSwiftPackageProductDependency;
			package = CC13305B2F76490400E83C08 /* XCRemoteSwiftPackageReference "lottie-ios" */;
			productName = Lottie;
		};
/* End XCSwiftPackageProductDependency section */
	};
	rootObject = CC4C03832F69A65E0034CA8E /* Project object */;
}
